
Microsoft Visual Studio Solution File, Format Version 12.00
# Visual Studio 14
VisualStudioVersion = 14.0.25420.1
MinimumVisualStudioVersion = 10.0.40219.1
Project("{8BB2217D-0F2D-49D1-97BC-3654ED321F3B}") = "Auspex.Protobuf.RabbitMQ.Entities", "Auspex.Protobuf.RabbitMQ.Entities\Auspex.Protobuf.RabbitMQ.Entities.xproj", "{B5CF9BB5-185C-43A0-9D75-D6061FB885A7}"
EndProject
Global
	GlobalSection(SolutionConfigurationPlatforms) = preSolution
		Debug|Any CPU = Debug|Any CPU
		Release|Any CPU = Release|Any CPU
	EndGlobalSection
	GlobalSection(ProjectConfigurationPlatforms) = postSolution
		{B5CF9BB5-185C-43A0-9D75-D6061FB885A7}.Debug|Any CPU.ActiveCfg = Debug|Any CPU
		{B5CF9BB5-185C-43A0-9D75-D6061FB885A7}.Debug|Any CPU.Build.0 = Debug|Any CPU
		{B5CF9BB5-185C-43A0-9D75-D6061FB885A7}.Release|Any CPU.ActiveCfg = Release|Any CPU
		{B5CF9BB5-185C-43A0-9D75-D6061FB885A7}.Release|Any CPU.Build.0 = Release|Any CPU
	EndGlobalSection
	GlobalSection(SolutionProperties) = preSolution
		HideSolutionNode = FALSE
	EndGlobalSection
EndGlobal
